
Microsoft Visual Studio Solution File, Format Version 12.00
# Visual Studio Version 16
VisualStudioVersion = 16.0.28729.10
MinimumVisualStudioVersion = 10.0.40219.1
Project("{9A19103F-16F7-4668-BE54-9A1E7A4F7556}") = "Jering.Markdig.Extensions.FlexiBlocks", "src\FlexiBlocks\Jering.Markdig.Extensions.FlexiBlocks.csproj", "{69901773-069B-45D2-8501-CF27BE603C30}"
EndProject
Project("{9A19103F-16F7-4668-BE54-9A1E7A4F7556}") = "Jering.Markdig.Extensions.FlexiBlocks.Tests", "test\FlexiBlocks\Jering.Markdig.Extensions.FlexiBlocks.Tests.csproj", "{CDD17EBA-6B59-4675-8437-30BA15CA3647}"
EndProject
Project("{2150E333-8FDC-42A3-9474-1A3956D46DE8}") = "specs", "specs", "{F41F9DD0-C122-4F19-9C90-1E5DC00D59F4}"
	ProjectSection(SolutionItems) = preProject
		specs\CommonMarkSpecs.json = specs\CommonMarkSpecs.json
		Specs\FlexiAlertBlocksSpecs.md = Specs\FlexiAlertBlocksSpecs.md
		specs\FlexiBannerBlocksSpecs.md = specs\FlexiBannerBlocksSpecs.md
		specs\FlexiCardsBlocksSpecs.md = specs\FlexiCardsBlocksSpecs.md
		Specs\FlexiCodeBlocksSpecs.md = Specs\FlexiCodeBlocksSpecs.md
		specs\FlexiFigureBlocksSpecs.md = specs\FlexiFigureBlocksSpecs.md
		specs\FlexiIncludeBlocksSpecs.md = specs\FlexiIncludeBlocksSpecs.md
		specs\FlexiOptionsBlocksSpecs.md = specs\FlexiOptionsBlocksSpecs.md
		specs\FlexiPictureBlocksSpecs.md = specs\FlexiPictureBlocksSpecs.md
		specs\FlexiQuoteBlocksSpecs.md = specs\FlexiQuoteBlocksSpecs.md
		Specs\FlexiSectionBlocksSpecs.md = Specs\FlexiSectionBlocksSpecs.md
		Specs\FlexiTableBlocksSpecs.md = Specs\FlexiTableBlocksSpecs.md
		specs\FlexiTabsBlocksSpecs.md = specs\FlexiTabsBlocksSpecs.md
		specs\FlexiVideoBlocksSpecs.md = specs\FlexiVideoBlocksSpecs.md
	EndProjectSection
EndProject
Project("{2150E333-8FDC-42A3-9474-1A3956D46DE8}") = "Solution Items", "Solution Items", "{C050C90B-0201-435F-AADB-F3A329778318}"
	ProjectSection(SolutionItems) = preProject
		.editorconfig = .editorconfig
		.gitattributes = .gitattributes
		.gitignore = .gitignore
		azure-pipelines.yml = azure-pipelines.yml
		Changelog.md = Changelog.md
		codecov.yml = codecov.yml
		specs\CommonMarkSpecs.json = specs\CommonMarkSpecs.json
		Jering.Markdig.Extensions.FlexiBlocks.ruleset = Jering.Markdig.Extensions.FlexiBlocks.ruleset
		License.md = License.md
		Notes.md = Notes.md
		ReadMe.md = ReadMe.md
		ThirdPartyLicenses.md = ThirdPartyLicenses.md
	EndProjectSection
EndProject
Project("{9A19103F-16F7-4668-BE54-9A1E7A4F7556}") = "Jering.Markdig.Extensions.FlexiBlocks.Performance", "perf\FlexiBlocks\Jering.Markdig.Extensions.FlexiBlocks.Performance.csproj", "{04BF7E59-7706-4265-B406-7A297ABC6B40}"
EndProject
Global
	GlobalSection(SolutionConfigurationPlatforms) = preSolution
		Debug|Any CPU = Debug|Any CPU
		Release|Any CPU = Release|Any CPU
	EndGlobalSection
	GlobalSection(ProjectConfigurationPlatforms) = postSolution
		{69901773-069B-45D2-8501-CF27BE603C30}.Debug|Any CPU.ActiveCfg = Debug|Any CPU
		{69901773-069B-45D2-8501-CF27BE603C30}.Debug|Any CPU.Build.0 = Debug|Any CPU
		{69901773-069B-45D2-8501-CF27BE603C30}.Release|Any CPU.ActiveCfg = Release|Any CPU
		{69901773-069B-45D2-8501-CF27BE603C30}.Release|Any CPU.Build.0 = Release|Any CPU
		{CDD17EBA-6B59-4675-8437-30BA15CA3647}.Debug|Any CPU.ActiveCfg = Debug|Any CPU
		{CDD17EBA-6B59-4675-8437-30BA15CA3647}.Debug|Any CPU.Build.0 = Debug|Any CPU
		{CDD17EBA-6B59-4675-8437-30BA15CA3647}.Release|Any CPU.ActiveCfg = Release|Any CPU
		{CDD17EBA-6B59-4675-8437-30BA15CA3647}.Release|Any CPU.Build.0 = Release|Any CPU
		{04BF7E59-7706-4265-B406-7A297ABC6B40}.Debug|Any CPU.ActiveCfg = Debug|Any CPU
		{04BF7E59-7706-4265-B406-7A297ABC6B40}.Debug|Any CPU.Build.0 = Debug|Any CPU
		{04BF7E59-7706-4265-B406-7A297ABC6B40}.Release|Any CPU.ActiveCfg = Release|Any CPU
		{04BF7E59-7706-4265-B406-7A297ABC6B40}.Release|Any CPU.Build.0 = Release|Any CPU
	EndGlobalSection
	GlobalSection(SolutionProperties) = preSolution
		HideSolutionNode = FALSE
	EndGlobalSection
	GlobalSection(NestedProjects) = preSolution
		{F41F9DD0-C122-4F19-9C90-1E5DC00D59F4} = {C050C90B-0201-435F-AADB-F3A329778318}
	EndGlobalSection
	GlobalSection(ExtensibilityGlobals) = postSolution
		SolutionGuid = {6060820F-9865-4EA5-87D1-296F6026995C}
	EndGlobalSection
EndGlobal
